
Microsoft Visual Studio Solution File, Format Version 11.00
# Visual Studio 2010
Project("{FAE04EC0-301F-11D3-BF4B-00C04F79EFBC}") = "Trakter", "Trakter\Trakter.csproj", "{42391511-447A-402A-93B6-2333A9B32460}"
EndProject
Project("{FAE04EC0-301F-11D3-BF4B-00C04F79EFBC}") = "Trakter.Tests", "Trakter.Tests\Trakter.Tests.csproj", "{14989331-4847-4424-896B-2F689FEE21B9}"
EndProject
Project("{2150E333-8FDC-42A3-9474-1A3956D46DE8}") = "Tests", "Tests", "{1CD2D0CF-4A40-4A75-9B95-D1C8A6355780}"
EndProject
Global
	GlobalSection(SolutionConfigurationPlatforms) = preSolution
		Debug|Any CPU = Debug|Any CPU
		Release|Any CPU = Release|Any CPU
	EndGlobalSection
	GlobalSection(ProjectConfigurationPlatforms) = postSolution
		{42391511-447A-402A-93B6-2333A9B32460}.Debug|Any CPU.ActiveCfg = Debug|Any CPU
		{42391511-447A-402A-93B6-2333A9B32460}.Debug|Any CPU.Build.0 = Debug|Any CPU
		{42391511-447A-402A-93B6-2333A9B32460}.Release|Any CPU.ActiveCfg = Release|Any CPU
		{42391511-447A-402A-93B6-2333A9B32460}.Release|Any CPU.Build.0 = Release|Any CPU
		{14989331-4847-4424-896B-2F689FEE21B9}.Debug|Any CPU.ActiveCfg = Debug|Any CPU
		{14989331-4847-4424-896B-2F689FEE21B9}.Debug|Any CPU.Build.0 = Debug|Any CPU
		{14989331-4847-4424-896B-2F689FEE21B9}.Release|Any CPU.ActiveCfg = Release|Any CPU
		{14989331-4847-4424-896B-2F689FEE21B9}.Release|Any CPU.Build.0 = Release|Any CPU
	EndGlobalSection
	GlobalSection(SolutionProperties) = preSolution
		HideSolutionNode = FALSE
	EndGlobalSection
	GlobalSection(NestedProjects) = preSolution
		{14989331-4847-4424-896B-2F689FEE21B9} = {1CD2D0CF-4A40-4A75-9B95-D1C8A6355780}
	EndGlobalSection
EndGlobal
